
Microsoft Visual Studio Solution File, Format Version 12.00
# Visual Studio Version 17
VisualStudioVersion = 17.0.32014.148
MinimumVisualStudioVersion = 10.0.40219.1
Project("{FAE04EC0-301F-11D3-BF4B-00C04F79EFBC}") = "Project Excelsior", "Project Excelsior.csproj", "{3A8A1310-39B6-436A-ABC6-A8EFF96D2BD2}"
EndProject
Project("{F184B08F-C81C-45F6-A57F-5ABD9991F28F}") = "SVCC System", "..\SVCC-System\SVCC System.vbproj", "{2706CDC8-7385-42EB-B19B-CED01B98D87C}"
EndProject
Global
	GlobalSection(SolutionConfigurationPlatforms) = preSolution
		Debug|Any CPU = Debug|Any CPU
		Debug|x86 = Debug|x86
		Release|Any CPU = Release|Any CPU
		Release|x86 = Release|x86
	EndGlobalSection
	GlobalSection(ProjectConfigurationPlatforms) = postSolution
		{3A8A1310-39B6-436A-ABC6-A8EFF96D2BD2}.Debug|Any CPU.ActiveCfg = Debug|Any CPU
		{3A8A1310-39B6-436A-ABC6-A8EFF96D2BD2}.Debug|Any CPU.Build.0 = Debug|Any CPU
		{3A8A1310-39B6-436A-ABC6-A8EFF96D2BD2}.Debug|x86.ActiveCfg = Debug|Any CPU
		{3A8A1310-39B6-436A-ABC6-A8EFF96D2BD2}.Debug|x86.Build.0 = Debug|Any CPU
		{3A8A1310-39B6-436A-ABC6-A8EFF96D2BD2}.Release|Any CPU.ActiveCfg = Release|Any CPU
		{3A8A1310-39B6-436A-ABC6-A8EFF96D2BD2}.Release|Any CPU.Build.0 = Release|Any CPU
		{3A8A1310-39B6-436A-ABC6-A8EFF96D2BD2}.Release|x86.ActiveCfg = Release|Any CPU
		{3A8A1310-39B6-436A-ABC6-A8EFF96D2BD2}.Release|x86.Build.0 = Release|Any CPU
		{2706CDC8-7385-42EB-B19B-CED01B98D87C}.Debug|Any CPU.ActiveCfg = Debug|Any CPU
		{2706CDC8-7385-42EB-B19B-CED01B98D87C}.Debug|Any CPU.Build.0 = Debug|Any CPU
		{2706CDC8-7385-42EB-B19B-CED01B98D87C}.Debug|x86.ActiveCfg = Debug|Win32
		{2706CDC8-7385-42EB-B19B-CED01B98D87C}.Debug|x86.Build.0 = Debug|Win32
		{2706CDC8-7385-42EB-B19B-CED01B98D87C}.Release|Any CPU.ActiveCfg = Release|Any CPU
		{2706CDC8-7385-42EB-B19B-CED01B98D87C}.Release|Any CPU.Build.0 = Release|Any CPU
		{2706CDC8-7385-42EB-B19B-CED01B98D87C}.Release|x86.ActiveCfg = Release|Win32
		{2706CDC8-7385-42EB-B19B-CED01B98D87C}.Release|x86.Build.0 = Release|Win32
	EndGlobalSection
	GlobalSection(SolutionProperties) = preSolution
		HideSolutionNode = FALSE
	EndGlobalSection
	GlobalSection(ExtensibilityGlobals) = postSolution
		SolutionGuid = {FA805CB9-AA9B-4E74-8138-E3B02405A63B}
	EndGlobalSection
EndGlobal
